
Microsoft Visual Studio Solution File, Format Version 12.00
# Visual Studio Version 17
VisualStudioVersion = 17.10.35122.118
MinimumVisualStudioVersion = 10.0.40219.1
Project("{F184B08F-C81C-45F6-A57F-5ABD9991F28F}") = "StudentAttendance", "StudentAttendance.vbproj", "{294B35F1-B060-4EA7-AAC0-F679B4DD1D69}"
EndProject
Global
	GlobalSection(SolutionConfigurationPlatforms) = preSolution
		Debug|Any CPU = Debug|Any CPU
		Release|Any CPU = Release|Any CPU
	EndGlobalSection
	GlobalSection(ProjectConfigurationPlatforms) = postSolution
		{294B35F1-B060-4EA7-AAC0-F679B4DD1D69}.Debug|Any CPU.ActiveCfg = Debug|Any CPU
		{294B35F1-B060-4EA7-AAC0-F679B4DD1D69}.Debug|Any CPU.Build.0 = Debug|Any CPU
		{294B35F1-B060-4EA7-AAC0-F679B4DD1D69}.Release|Any CPU.ActiveCfg = Release|Any CPU
		{294B35F1-B060-4EA7-AAC0-F679B4DD1D69}.Release|Any CPU.Build.0 = Release|Any CPU
	EndGlobalSection
	GlobalSection(SolutionProperties) = preSolution
		HideSolutionNode = FALSE
	EndGlobalSection
	GlobalSection(ExtensibilityGlobals) = postSolution
		SolutionGuid = {58B64B2A-B46E-41A3-85B6-246EF013078E}
	EndGlobalSection
EndGlobal
